{
  "name": "vdirreader",
  "version": "0.1.0",
  "lockfileVersion": 3,
  "requires": true,
  "packages": {
    "": {
      "name": "vdirreader",
      "version": "0.1.0",
      "license": "GPL-3.0",
      "dependencies": {
        "@js-temporal/polyfill": "^0.4.3",
        "ical.js": "github:alex-kinokon/ical.ts"
      },
      "devDependencies": {
        "@types/node": "^18.15.11",
        "prettier": "2.8.7",
        "typescript": "^5.0.4"
      }
    },
    "node_modules/@js-temporal/polyfill": {
      "version": "0.4.4",
      "resolved": "https://registry.npmjs.org/@js-temporal/polyfill/-/polyfill-0.4.4.tgz",
      "integrity": "sha512-2X6bvghJ/JAoZO52lbgyAPFj8uCflhTo2g7nkFzEQdXd/D8rEeD4HtmTEpmtGCva260fcd66YNXBOYdnmHqSOg==",
      "dependencies": {
        "jsbi": "^4.3.0",
        "tslib": "^2.4.1"
      },
      "engines": {
        "node": ">=12"
      }
    },
    "node_modules/@types/node": {
      "version": "18.16.19",
      "resolved": "https://registry.npmjs.org/@types/node/-/node-18.16.19.tgz",
      "integrity": "sha512-IXl7o+R9iti9eBW4Wg2hx1xQDig183jj7YLn8F7udNceyfkbn1ZxmzZXuak20gR40D7pIkIY1kYGx5VIGbaHKA==",
      "dev": true
    },
    "node_modules/ical.js": {
      "version": "0.1.0",
      "resolved": "git+ssh://git@github.com/alex-kinokon/ical.ts.git#b6aeddac32ff7f519ddf7b2fa015aafc3f7bc4e4",
      "license": "MPL-2.0"
    },
    "node_modules/jsbi": {
      "version": "4.3.0",
      "resolved": "https://registry.npmjs.org/jsbi/-/jsbi-4.3.0.tgz",
      "integrity": "sha512-SnZNcinB4RIcnEyZqFPdGPVgrg2AcnykiBy0sHVJQKHYeaLUvi3Exj+iaPpLnFVkDPZIV4U0yvgC9/R4uEAZ9g=="
    },
    "node_modules/prettier": {
      "version": "2.8.7",
      "resolved": "https://registry.npmjs.org/prettier/-/prettier-2.8.7.tgz",
      "integrity": "sha512-yPngTo3aXUUmyuTjeTUT75txrf+aMh9FiD7q9ZE/i6r0bPb22g4FsE6Y338PQX1bmfy08i9QQCB7/rcUAVntfw==",
      "dev": true,
      "bin": {
        "prettier": "bin-prettier.js"
      },
      "engines": {
        "node": ">=10.13.0"
      },
      "funding": {
        "url": "https://github.com/prettier/prettier?sponsor=1"
      }
    },
    "node_modules/tslib": {
      "version": "2.6.0",
      "resolved": "https://registry.npmjs.org/tslib/-/tslib-2.6.0.tgz",
      "integrity": "sha512-7At1WUettjcSRHXCyYtTselblcHl9PJFFVKiCAy/bY97+BPZXSQ2wbq0P9s8tK2G7dFQfNnlJnPAiArVBVBsfA=="
    },
    "node_modules/typescript": {
      "version": "5.1.6",
      "resolved": "https://registry.npmjs.org/typescript/-/typescript-5.1.6.tgz",
      "integrity": "sha512-zaWCozRZ6DLEWAWFrVDz1H6FVXzUSfTy5FUMWsQlU8Ym5JP9eO4xkTIROFCQvhQf61z6O/G6ugw3SgAnvvm+HA==",
      "dev": true,
      "bin": {
        "tsc": "bin/tsc",
        "tsserver": "bin/tsserver"
      },
      "engines": {
        "node": ">=14.17"
      }
    }
  }
}
